{
    "_readme": [
        "This file locks the dependencies of your project to a known state",
        "Read more about it at http://getcomposer.org/doc/01-basic-usage.md#composer-lock-the-lock-file"
    ],
    "hash": "7deffc343f01795250f5b73a13715699",
    "packages": [
        {
            "name": "respect/config",
            "version": "dev-master",
            "source": {
                "type": "git",
                "url": "https://github.com/Respect/Config.git",
                "reference": "1.0.0"
            },
            "dist": {
                "type": "zip",
                "url": "https://api.github.com/repos/Respect/Config/zipball/1.0.0",
                "reference": "1.0.0",
                "shasum": ""
            },
            "require": {
                "php": ">=5.3.0",
                "respect/test": "dev-master"
            },
            "type": "library",
            "autoload": {
                "psr-0": {
                    "Respect\\Config": "library"
                }
            },
            "notification-url": "https://packagist.org/downloads/",
            "license": [
                "BSD-3-Clause"
            ],
            "authors": [
                {
                    "name": "Henrique Moody",
                    "email": "henriquemoody@gmail.com",
                    "homepage": "http://henriquemoody.com/"
                },
                {
                    "name": "Alexandre Gomes Gaigalas",
                    "email": "alexandre@gaigalas.net"
                },
                {
                    "name": "Rogerio Prado de Jesus",
                    "email": "rogeriopradoj@gmail.com"
                },
                {
                    "name": "Thiago Rigo",
                    "email": "thiagophx@gmail.com"
                },
                {
                    "name": "Augusto Pascutti",
                    "email": "augusto@phpsp.org.br"
                },
                {
                    "name": "Nick Lombard",
                    "email": "github@jigsoft.co.za"
                },
                {
                    "name": "Ivo Nascimento",
                    "email": "iannsp@gmail.com"
                }
            ],
            "description": "A powerful, small, deadly simple configurator and dependency injection container made to be easy.",
            "homepage": "https://github.com/Respect/Config",
            "keywords": [
                "config",
                "dependency injection",
                "dic",
                "respect"
            ],
            "time": "2013-02-22 02:42:03"
        },
        {
            "name": "respect/test",
            "version": "dev-master",
            "source": {
                "type": "git",
                "url": "https://github.com/Respect/Test.git",
                "reference": "c4ca19b08ea208b36e6f826fe8ea2c8cab42cb68"
            },
            "dist": {
                "type": "zip",
                "url": "https://api.github.com/repos/Respect/Test/zipball/c4ca19b08ea208b36e6f826fe8ea2c8cab42cb68",
                "reference": "c4ca19b08ea208b36e6f826fe8ea2c8cab42cb68",
                "shasum": ""
            },
            "type": "library",
            "autoload": {
                "psr-0": {
                    "Respect\\Test": "library/"
                }
            },
            "notification-url": "https://packagist.org/downloads/",
            "license": [
                "BSD-3-Clause"
            ],
            "authors": [
                {
                    "name": "Alexandre Gomes Gaigalas",
                    "email": "alexandre@gaigalas.net"
                },
                {
                    "name": "Nick Lombard",
                    "email": "github@jigsoft.co.za"
                }
            ],
            "description": "At Respect we are serious about testing, this is Test the serious Project.",
            "time": "2013-02-24 03:59:47"
        },
        {
            "name": "slim/slim",
            "version": "2.2.0",
            "source": {
                "type": "git",
                "url": "https://github.com/codeguy/Slim",
                "reference": "2.2.0"
            },
            "dist": {
                "type": "zip",
                "url": "https://github.com/codeguy/Slim/archive/2.2.0.zip",
                "reference": "2.2.0",
                "shasum": ""
            },
            "require": {
                "php": ">=5.3.0"
            },
            "type": "library",
            "autoload": {
                "psr-0": {
                    "Slim": "."
                }
            },
            "notification-url": "https://packagist.org/downloads/",
            "license": [
                "MIT"
            ],
            "authors": [
                {
                    "name": "Josh Lockhart",
                    "email": "info@joshlockhart.com",
                    "homepage": "http://www.joshlockhart.com/"
                }
            ],
            "description": "Slim Framework, a PHP micro framework",
            "homepage": "http://github.com/codeguy/Slim",
            "keywords": [
                "microframework",
                "rest",
                "router"
            ],
            "time": "2012-12-13 02:15:50"
        }
    ],
    "packages-dev": [

    ],
    "aliases": [

    ],
    "minimum-stability": "stable",
    "stability-flags": {
        "respect/test": 20,
        "respect/config": 20
    },
    "platform": [

    ],
    "platform-dev": [

    ]
}
